
Microsoft Visual Studio Solution File, Format Version 12.00
# Visual Studio Version 17
VisualStudioVersion = 17.0.31903.59
MinimumVisualStudioVersion = 10.0.40219.1
Project("{2150E333-8FDC-42A3-9474-1A3956D46DE8}") = "src", "src", "{827E0CD3-B72D-47B6-A68D-7590B98EB39B}"
EndProject
Project("{FAE04EC0-301F-11D3-BF4B-00C04F79EFBC}") = "Handmade.Domain", "src\Handmade.Domain\Handmade.Domain.csproj", "{EAB0ABAC-396A-4BB8-BBB1-459786C631E4}"
EndProject
Project("{FAE04EC0-301F-11D3-BF4B-00C04F79EFBC}") = "Handmade.Application", "src\Handmade.Application\Handmade.Application.csproj", "{DAAAC94F-828F-441A-9AC7-C2BA9A5432BB}"
EndProject
Project("{FAE04EC0-301F-11D3-BF4B-00C04F79EFBC}") = "Handmade.Infrastructure", "src\Handmade.Infrastructure\Handmade.Infrastructure.csproj", "{19EE003F-FC03-48D4-93CE-B56CA2EF16A2}"
EndProject
Project("{FAE04EC0-301F-11D3-BF4B-00C04F79EFBC}") = "Handmade.Api", "src\Handmade.Api\Handmade.Api.csproj", "{B55F3E52-402C-4E41-BF84-7EB18C0676FB}"
EndProject
Project("{2150E333-8FDC-42A3-9474-1A3956D46DE8}") = "tests", "tests", "{0AB3BF05-4346-4AA6-1389-037BE0695223}"
EndProject
Project("{FAE04EC0-301F-11D3-BF4B-00C04F79EFBC}") = "Handmade.Domain.Tests", "tests\Handmade.Domain.Tests\Handmade.Domain.Tests.csproj", "{B1AD63C7-894C-4540-AA82-A2942CA8EA00}"
EndProject
Project("{FAE04EC0-301F-11D3-BF4B-00C04F79EFBC}") = "Handmade.Application.Tests", "tests\Handmade.Application.Tests\Handmade.Application.Tests.csproj", "{D52A5F21-FB44-47BE-B5B3-BEA531C24318}"
EndProject
Project("{FAE04EC0-301F-11D3-BF4B-00C04F79EFBC}") = "Handmade.Api.Tests", "tests\Handmade.Api.Tests\Handmade.Api.Tests.csproj", "{8A2332F7-4E8D-47F8-B572-EF6E4870157E}"
EndProject
Project("{FAE04EC0-301F-11D3-BF4B-00C04F79EFBC}") = "Handmade.Architecture.Tests", "tests\Handmade.Architecture.Tests\Handmade.Architecture.Tests.csproj", "{08B76BFD-8ECE-4B14-9929-7E07B0C64B6D}"
EndProject
Global
	GlobalSection(SolutionConfigurationPlatforms) = preSolution
		Debug|Any CPU = Debug|Any CPU
		Debug|x64 = Debug|x64
		Debug|x86 = Debug|x86
		Release|Any CPU = Release|Any CPU
		Release|x64 = Release|x64
		Release|x86 = Release|x86
	EndGlobalSection
	GlobalSection(ProjectConfigurationPlatforms) = postSolution
		{EAB0ABAC-396A-4BB8-BBB1-459786C631E4}.Debug|Any CPU.ActiveCfg = Debug|Any CPU
		{EAB0ABAC-396A-4BB8-BBB1-459786C631E4}.Debug|Any CPU.Build.0 = Debug|Any CPU
		{EAB0ABAC-396A-4BB8-BBB1-459786C631E4}.Debug|x64.ActiveCfg = Debug|Any CPU
		{EAB0ABAC-396A-4BB8-BBB1-459786C631E4}.Debug|x64.Build.0 = Debug|Any CPU
		{EAB0ABAC-396A-4BB8-BBB1-459786C631E4}.Debug|x86.ActiveCfg = Debug|Any CPU
		{EAB0ABAC-396A-4BB8-BBB1-459786C631E4}.Debug|x86.Build.0 = Debug|Any CPU
		{EAB0ABAC-396A-4BB8-BBB1-459786C631E4}.Release|Any CPU.ActiveCfg = Release|Any CPU
		{EAB0ABAC-396A-4BB8-BBB1-459786C631E4}.Release|Any CPU.Build.0 = Release|Any CPU
		{EAB0ABAC-396A-4BB8-BBB1-459786C631E4}.Release|x64.ActiveCfg = Release|Any CPU
		{EAB0ABAC-396A-4BB8-BBB1-459786C631E4}.Release|x64.Build.0 = Release|Any CPU
		{EAB0ABAC-396A-4BB8-BBB1-459786C631E4}.Release|x86.ActiveCfg = Release|Any CPU
		{EAB0ABAC-396A-4BB8-BBB1-459786C631E4}.Release|x86.Build.0 = Release|Any CPU
		{DAAAC94F-828F-441A-9AC7-C2BA9A5432BB}.Debug|Any CPU.ActiveCfg = Debug|Any CPU
		{DAAAC94F-828F-441A-9AC7-C2BA9A5432BB}.Debug|Any CPU.Build.0 = Debug|Any CPU
		{DAAAC94F-828F-441A-9AC7-C2BA9A5432BB}.Debug|x64.ActiveCfg = Debug|Any CPU
		{DAAAC94F-828F-441A-9AC7-C2BA9A5432BB}.Debug|x64.Build.0 = Debug|Any CPU
		{DAAAC94F-828F-441A-9AC7-C2BA9A5432BB}.Debug|x86.ActiveCfg = Debug|Any CPU
		{DAAAC94F-828F-441A-9AC7-C2BA9A5432BB}.Debug|x86.Build.0 = Debug|Any CPU
		{DAAAC94F-828F-441A-9AC7-C2BA9A5432BB}.Release|Any CPU.ActiveCfg = Release|Any CPU
		{DAAAC94F-828F-441A-9AC7-C2BA9A5432BB}.Release|Any CPU.Build.0 = Release|Any CPU
		{DAAAC94F-828F-441A-9AC7-C2BA9A5432BB}.Release|x64.ActiveCfg = Release|Any CPU
		{DAAAC94F-828F-441A-9AC7-C2BA9A5432BB}.Release|x64.Build.0 = Release|Any CPU
		{DAAAC94F-828F-441A-9AC7-C2BA9A5432BB}.Release|x86.ActiveCfg = Release|Any CPU
		{DAAAC94F-828F-441A-9AC7-C2BA9A5432BB}.Release|x86.Build.0 = Release|Any CPU
		{19EE003F-FC03-48D4-93CE-B56CA2EF16A2}.Debug|Any CPU.ActiveCfg = Debug|Any CPU
		{19EE003F-FC03-48D4-93CE-B56CA2EF16A2}.Debug|Any CPU.Build.0 = Debug|Any CPU
		{19EE003F-FC03-48D4-93CE-B56CA2EF16A2}.Debug|x64.ActiveCfg = Debug|Any CPU
		{19EE003F-FC03-48D4-93CE-B56CA2EF16A2}.Debug|x64.Build.0 = Debug|Any CPU
		{19EE003F-FC03-48D4-93CE-B56CA2EF16A2}.Debug|x86.ActiveCfg = Debug|Any CPU
		{19EE003F-FC03-48D4-93CE-B56CA2EF16A2}.Debug|x86.Build.0 = Debug|Any CPU
		{19EE003F-FC03-48D4-93CE-B56CA2EF16A2}.Release|Any CPU.ActiveCfg = Release|Any CPU
		{19EE003F-FC03-48D4-93CE-B56CA2EF16A2}.Release|Any CPU.Build.0 = Release|Any CPU
		{19EE003F-FC03-48D4-93CE-B56CA2EF16A2}.Release|x64.ActiveCfg = Release|Any CPU
		{19EE003F-FC03-48D4-93CE-B56CA2EF16A2}.Release|x64.Build.0 = Release|Any CPU
		{19EE003F-FC03-48D4-93CE-B56CA2EF16A2}.Release|x86.ActiveCfg = Release|Any CPU
		{19EE003F-FC03-48D4-93CE-B56CA2EF16A2}.Release|x86.Build.0 = Release|Any CPU
		{B55F3E52-402C-4E41-BF84-7EB18C0676FB}.Debug|Any CPU.ActiveCfg = Debug|Any CPU
		{B55F3E52-402C-4E41-BF84-7EB18C0676FB}.Debug|Any CPU.Build.0 = Debug|Any CPU
		{B55F3E52-402C-4E41-BF84-7EB18C0676FB}.Debug|x64.ActiveCfg = Debug|Any CPU
		{B55F3E52-402C-4E41-BF84-7EB18C0676FB}.Debug|x64.Build.0 = Debug|Any CPU
		{B55F3E52-402C-4E41-BF84-7EB18C0676FB}.Debug|x86.ActiveCfg = Debug|Any CPU
		{B55F3E52-402C-4E41-BF84-7EB18C0676FB}.Debug|x86.Build.0 = Debug|Any CPU
		{B55F3E52-402C-4E41-BF84-7EB18C0676FB}.Release|Any CPU.ActiveCfg = Release|Any CPU
		{B55F3E52-402C-4E41-BF84-7EB18C0676FB}.Release|Any CPU.Build.0 = Release|Any CPU
		{B55F3E52-402C-4E41-BF84-7EB18C0676FB}.Release|x64.ActiveCfg = Release|Any CPU
		{B55F3E52-402C-4E41-BF84-7EB18C0676FB}.Release|x64.Build.0 = Release|Any CPU
		{B55F3E52-402C-4E41-BF84-7EB18C0676FB}.Release|x86.ActiveCfg = Release|Any CPU
		{B55F3E52-402C-4E41-BF84-7EB18C0676FB}.Release|x86.Build.0 = Release|Any CPU
		{B1AD63C7-894C-4540-AA82-A2942CA8EA00}.Debug|Any CPU.ActiveCfg = Debug|Any CPU
		{B1AD63C7-894C-4540-AA82-A2942CA8EA00}.Debug|Any CPU.Build.0 = Debug|Any CPU
		{B1AD63C7-894C-4540-AA82-A2942CA8EA00}.Debug|x64.ActiveCfg = Debug|Any CPU
		{B1AD63C7-894C-4540-AA82-A2942CA8EA00}.Debug|x64.Build.0 = Debug|Any CPU
		{B1AD63C7-894C-4540-AA82-A2942CA8EA00}.Debug|x86.ActiveCfg = Debug|Any CPU
		{B1AD63C7-894C-4540-AA82-A2942CA8EA00}.Debug|x86.Build.0 = Debug|Any CPU
		{B1AD63C7-894C-4540-AA82-A2942CA8EA00}.Release|Any CPU.ActiveCfg = Release|Any CPU
		{B1AD63C7-894C-4540-AA82-A2942CA8EA00}.Release|Any CPU.Build.0 = Release|Any CPU
		{B1AD63C7-894C-4540-AA82-A2942CA8EA00}.Release|x64.ActiveCfg = Release|Any CPU
		{B1AD63C7-894C-4540-AA82-A2942CA8EA00}.Release|x64.Build.0 = Release|Any CPU
		{B1AD63C7-894C-4540-AA82-A2942CA8EA00}.Release|x86.ActiveCfg = Release|Any CPU
		{B1AD63C7-894C-4540-AA82-A2942CA8EA00}.Release|x86.Build.0 = Release|Any CPU
		{D52A5F21-FB44-47BE-B5B3-BEA531C24318}.Debug|Any CPU.ActiveCfg = Debug|Any CPU
		{D52A5F21-FB44-47BE-B5B3-BEA531C24318}.Debug|Any CPU.Build.0 = Debug|Any CPU
		{D52A5F21-FB44-47BE-B5B3-BEA531C24318}.Debug|x64.ActiveCfg = Debug|Any CPU
		{D52A5F21-FB44-47BE-B5B3-BEA531C24318}.Debug|x64.Build.0 = Debug|Any CPU
		{D52A5F21-FB44-47BE-B5B3-BEA531C24318}.Debug|x86.ActiveCfg = Debug|Any CPU
		{D52A5F21-FB44-47BE-B5B3-BEA531C24318}.Debug|x86.Build.0 = Debug|Any CPU
		{D52A5F21-FB44-47BE-B5B3-BEA531C24318}.Release|Any CPU.ActiveCfg = Release|Any CPU
		{D52A5F21-FB44-47BE-B5B3-BEA531C24318}.Release|Any CPU.Build.0 = Release|Any CPU
		{D52A5F21-FB44-47BE-B5B3-BEA531C24318}.Release|x64.ActiveCfg = Release|Any CPU
		{D52A5F21-FB44-47BE-B5B3-BEA531C24318}.Release|x64.Build.0 = Release|Any CPU
		{D52A5F21-FB44-47BE-B5B3-BEA531C24318}.Release|x86.ActiveCfg = Release|Any CPU
		{D52A5F21-FB44-47BE-B5B3-BEA531C24318}.Release|x86.Build.0 = Release|Any CPU
		{8A2332F7-4E8D-47F8-B572-EF6E4870157E}.Debug|Any CPU.ActiveCfg = Debug|Any CPU
		{8A2332F7-4E8D-47F8-B572-EF6E4870157E}.Debug|Any CPU.Build.0 = Debug|Any CPU
		{8A2332F7-4E8D-47F8-B572-EF6E4870157E}.Debug|x64.ActiveCfg = Debug|Any CPU
		{8A2332F7-4E8D-47F8-B572-EF6E4870157E}.Debug|x64.Build.0 = Debug|Any CPU
		{8A2332F7-4E8D-47F8-B572-EF6E4870157E}.Debug|x86.ActiveCfg = Debug|Any CPU
		{8A2332F7-4E8D-47F8-B572-EF6E4870157E}.Debug|x86.Build.0 = Debug|Any CPU
		{8A2332F7-4E8D-47F8-B572-EF6E4870157E}.Release|Any CPU.ActiveCfg = Release|Any CPU
		{8A2332F7-4E8D-47F8-B572-EF6E4870157E}.Release|Any CPU.Build.0 = Release|Any CPU
		{8A2332F7-4E8D-47F8-B572-EF6E4870157E}.Release|x64.ActiveCfg = Release|Any CPU
		{8A2332F7-4E8D-47F8-B572-EF6E4870157E}.Release|x64.Build.0 = Release|Any CPU
		{8A2332F7-4E8D-47F8-B572-EF6E4870157E}.Release|x86.ActiveCfg = Release|Any CPU
		{8A2332F7-4E8D-47F8-B572-EF6E4870157E}.Release|x86.Build.0 = Release|Any CPU
		{08B76BFD-8ECE-4B14-9929-7E07B0C64B6D}.Debug|Any CPU.ActiveCfg = Debug|Any CPU
		{08B76BFD-8ECE-4B14-9929-7E07B0C64B6D}.Debug|Any CPU.Build.0 = Debug|Any CPU
		{08B76BFD-8ECE-4B14-9929-7E07B0C64B6D}.Debug|x64.ActiveCfg = Debug|Any CPU
		{08B76BFD-8ECE-4B14-9929-7E07B0C64B6D}.Debug|x64.Build.0 = Debug|Any CPU
		{08B76BFD-8ECE-4B14-9929-7E07B0C64B6D}.Debug|x86.ActiveCfg = Debug|Any CPU
		{08B76BFD-8ECE-4B14-9929-7E07B0C64B6D}.Debug|x86.Build.0 = Debug|Any CPU
		{08B76BFD-8ECE-4B14-9929-7E07B0C64B6D}.Release|Any CPU.ActiveCfg = Release|Any CPU
		{08B76BFD-8ECE-4B14-9929-7E07B0C64B6D}.Release|Any CPU.Build.0 = Release|Any CPU
		{08B76BFD-8ECE-4B14-9929-7E07B0C64B6D}.Release|x64.ActiveCfg = Release|Any CPU
		{08B76BFD-8ECE-4B14-9929-7E07B0C64B6D}.Release|x64.Build.0 = Release|Any CPU
		{08B76BFD-8ECE-4B14-9929-7E07B0C64B6D}.Release|x86.ActiveCfg = Release|Any CPU
		{08B76BFD-8ECE-4B14-9929-7E07B0C64B6D}.Release|x86.Build.0 = Release|Any CPU
	EndGlobalSection
	GlobalSection(SolutionProperties) = preSolution
		HideSolutionNode = FALSE
	EndGlobalSection
	GlobalSection(NestedProjects) = preSolution
		{EAB0ABAC-396A-4BB8-BBB1-459786C631E4} = {827E0CD3-B72D-47B6-A68D-7590B98EB39B}
		{DAAAC94F-828F-441A-9AC7-C2BA9A5432BB} = {827E0CD3-B72D-47B6-A68D-7590B98EB39B}
		{19EE003F-FC03-48D4-93CE-B56CA2EF16A2} = {827E0CD3-B72D-47B6-A68D-7590B98EB39B}
		{B55F3E52-402C-4E41-BF84-7EB18C0676FB} = {827E0CD3-B72D-47B6-A68D-7590B98EB39B}
		{B1AD63C7-894C-4540-AA82-A2942CA8EA00} = {0AB3BF05-4346-4AA6-1389-037BE0695223}
		{D52A5F21-FB44-47BE-B5B3-BEA531C24318} = {0AB3BF05-4346-4AA6-1389-037BE0695223}
		{8A2332F7-4E8D-47F8-B572-EF6E4870157E} = {0AB3BF05-4346-4AA6-1389-037BE0695223}
		{08B76BFD-8ECE-4B14-9929-7E07B0C64B6D} = {0AB3BF05-4346-4AA6-1389-037BE0695223}
	EndGlobalSection
EndGlobal
